
Microsoft Visual Studio Solution File, Format Version 12.00
# Visual Studio 2013
VisualStudioVersion = 12.0.31101.0
MinimumVisualStudioVersion = 10.0.40219.1
Project("{FAE04EC0-301F-11D3-BF4B-00C04F79EFBC}") = "BobotsTxtGenerator.MVC", "BobotsTxtGenerator.MVC\BobotsTxtGenerator.MVC.csproj", "{42E0E5F6-9517-4999-81E1-83C083D09B4D}"
EndProject
Project("{FAE04EC0-301F-11D3-BF4B-00C04F79EFBC}") = "RobotsTxtGenerator", "RobotsTxtGenerator\RobotsTxtGenerator.csproj", "{55DB7B4E-0C40-4A8C-AE05-624B1BF2FF54}"
EndProject
Global
	GlobalSection(SolutionConfigurationPlatforms) = preSolution
		Debug|Any CPU = Debug|Any CPU
		Release|Any CPU = Release|Any CPU
	EndGlobalSection
	GlobalSection(ProjectConfigurationPlatforms) = postSolution
		{42E0E5F6-9517-4999-81E1-83C083D09B4D}.Debug|Any CPU.ActiveCfg = Debug|Any CPU
		{42E0E5F6-9517-4999-81E1-83C083D09B4D}.Debug|Any CPU.Build.0 = Debug|Any CPU
		{42E0E5F6-9517-4999-81E1-83C083D09B4D}.Release|Any CPU.ActiveCfg = Release|Any CPU
		{42E0E5F6-9517-4999-81E1-83C083D09B4D}.Release|Any CPU.Build.0 = Release|Any CPU
		{55DB7B4E-0C40-4A8C-AE05-624B1BF2FF54}.Debug|Any CPU.ActiveCfg = Debug|Any CPU
		{55DB7B4E-0C40-4A8C-AE05-624B1BF2FF54}.Debug|Any CPU.Build.0 = Debug|Any CPU
		{55DB7B4E-0C40-4A8C-AE05-624B1BF2FF54}.Release|Any CPU.ActiveCfg = Release|Any CPU
		{55DB7B4E-0C40-4A8C-AE05-624B1BF2FF54}.Release|Any CPU.Build.0 = Release|Any CPU
	EndGlobalSection
	GlobalSection(SolutionProperties) = preSolution
		HideSolutionNode = FALSE
	EndGlobalSection
EndGlobal
